# Generated by pub
# See https://dart.dev/tools/pub/glossary#lockfile
packages:
  _macros:
    dependency: transitive
    description: dart
    source: sdk
    version: "0.1.0"
  macros:
    dependency: "direct main"
    description:
      path: "pkg/macros"
      ref: "3.5.0-15.0.dev"
      resolved-ref: "36b6628190e2dd8e0abf4a9d49677d06fed5dd93"
      url: "https://github.com/dart-lang/sdk.git"
    source: git
    version: "0.1.0-main.0"
sdks:
  dart: ">=3.5.0-15.0.dev <4.0.0"
